dependencies:
- name: memcached
  repository: https://charts.bitnami.com/bitnami
  version: 6.5.5
- name: rabbitmq
  repository: https://charts.bitnami.com/bitnami
  version: 12.0.7
- name: redis
  repository: https://charts.bitnami.com/bitnami
  version: 17.13.2
- name: postgresql
  repository: https://charts.bitnami.com/bitnami
  version: 11.9.13
digest: sha256:fb22be2d92ffa96fcccc42184d90574d30e7ec60d91922a279826e09879ca817
generated: "2023-07-20T14:45:39.728865407+02:00"
