dependencies:
- name: memcached
  repository: https://open.greenhost.net/api/v4/projects/71/packages/helm/stable
  version: 0.1.0
- name: rabbitmq
  repository: https://groundhog2k.github.io/helm-charts/
  version: 2.1.8
- name: redis
  repository: https://groundhog2k.github.io/helm-charts/
  version: 2.1.3
- name: postgres
  repository: https://groundhog2k.github.io/helm-charts/
  version: 1.5.7
digest: sha256:dda4c5163eb4099c2331858580c81f1f8278dd0b3b66611a0b95952fc0fbdb5f
generated: "2025-08-22T16:32:46.9943195+02:00"
